
Microsoft Visual Studio Solution File, Format Version 12.00
# Visual Studio Version 16
VisualStudioVersion = 16.0.30611.23
MinimumVisualStudioVersion = 10.0.40219.1
Project("{FAE04EC0-301F-11D3-BF4B-00C04F79EFBC}") = "SoftwareOdontologico", "SoftwareOdontologico\SoftwareOdontologico.csproj", "{5EE6FA04-5D17-4C6D-BCEC-11BA5037BC24}"
EndProject
Global
	GlobalSection(SolutionConfigurationPlatforms) = preSolution
		Debug|Any CPU = Debug|Any CPU
		Release|Any CPU = Release|Any CPU
	EndGlobalSection
	GlobalSection(ProjectConfigurationPlatforms) = postSolution
		{5EE6FA04-5D17-4C6D-BCEC-11BA5037BC24}.Debug|Any CPU.ActiveCfg = Debug|Any CPU
		{5EE6FA04-5D17-4C6D-BCEC-11BA5037BC24}.Debug|Any CPU.Build.0 = Debug|Any CPU
		{5EE6FA04-5D17-4C6D-BCEC-11BA5037BC24}.Release|Any CPU.ActiveCfg = Release|Any CPU
		{5EE6FA04-5D17-4C6D-BCEC-11BA5037BC24}.Release|Any CPU.Build.0 = Release|Any CPU
	EndGlobalSection
	GlobalSection(SolutionProperties) = preSolution
		HideSolutionNode = FALSE
	EndGlobalSection
	GlobalSection(ExtensibilityGlobals) = postSolution
		SolutionGuid = {DB93529A-3955-4342-85C5-610ADEAD4517}
	EndGlobalSection
EndGlobal
